
Microsoft Visual Studio Solution File, Format Version 12.00
Project("{FAE04EC0-301F-11D3-BF4B-00C04F79EFBC}") = "Commentator.Api", "Commentator.Api\Commentator.Api.csproj", "{C2AD2D25-3656-4D7B-99B8-6821C431822D}"
EndProject
Global
	GlobalSection(SolutionConfigurationPlatforms) = preSolution
		Debug|Any CPU = Debug|Any CPU
		Release|Any CPU = Release|Any CPU
	EndGlobalSection
	GlobalSection(ProjectConfigurationPlatforms) = postSolution
		{C2AD2D25-3656-4D7B-99B8-6821C431822D}.Debug|Any CPU.ActiveCfg = Debug|Any CPU
		{C2AD2D25-3656-4D7B-99B8-6821C431822D}.Debug|Any CPU.Build.0 = Debug|Any CPU
		{C2AD2D25-3656-4D7B-99B8-6821C431822D}.Release|Any CPU.ActiveCfg = Release|Any CPU
		{C2AD2D25-3656-4D7B-99B8-6821C431822D}.Release|Any CPU.Build.0 = Release|Any CPU
	EndGlobalSection
EndGlobal
